{
	"name": "combo-js",
	"version": "2.0.0",
	"lockfileVersion": 1,
	"dependencies": {
		"bower": {
			"version": "1.8.0",
			"resolved": "https://registry.npmjs.org/bower/-/bower-1.8.0.tgz",
			"integrity": "sha1-Vdvr7wrZFVOC2enT5JfBNyNFtEo="
		},
		"grunt-text-replace": {
			"version": "0.4.0",
			"resolved": "https://registry.npmjs.org/grunt-text-replace/-/grunt-text-replace-0.4.0.tgz",
			"integrity": "sha1-252c5Z4v5J2id+nbwZXD4Rz7FsI=",
			"dev": true
		}
	}
}
